<?xml version="1.0" encoding="utf-8"?>
<Project ToolsVersion="4.0" xmlns="http://schemas.microsoft.com/developer/msbuild/2003">
  <ItemGroup>
    <ClCompile Include="main.c" />
    <ClCompile Include="player.c" />
    <ClCompile Include="opt.c" />
    <ClCompile Include="opengl_shared_module.c" />
  </ItemGroup>
  <ItemGroup>
    <ClInclude Include="player.h" />
    <ClInclude Include="opt.h" />
    <ClInclude Include="opengl_shared_module.h" />
  </ItemGroup>
</Project>